
Microsoft Visual Studio Solution File, Format Version 12.00
Project("{FAE04EC0-301F-11D3-BF4B-00C04F79EFBC}") = "Memphis.Client", "Memphis.Client\Memphis.Client.csproj", "{A289A923-C0A5-4C55-B710-6BE4AAE9E7C0}"
EndProject
Project("{FAE04EC0-301F-11D3-BF4B-00C04F79EFBC}") = "Producer", "Samples\Producer\Producer.csproj", "{CDB7B50A-6805-49E9-ABB8-D343884869E0}"
EndProject
Project("{FAE04EC0-301F-11D3-BF4B-00C04F79EFBC}") = "Consumer", "Samples\Consumer\Consumer.csproj", "{75AC610A-3935-4D62-810C-768F464A950D}"
EndProject
Global
	GlobalSection(SolutionConfigurationPlatforms) = preSolution
		Debug|Any CPU = Debug|Any CPU
		Release|Any CPU = Release|Any CPU
	EndGlobalSection
	GlobalSection(ProjectConfigurationPlatforms) = postSolution
		{A289A923-C0A5-4C55-B710-6BE4AAE9E7C0}.Debug|Any CPU.ActiveCfg = Debug|Any CPU
		{A289A923-C0A5-4C55-B710-6BE4AAE9E7C0}.Debug|Any CPU.Build.0 = Debug|Any CPU
		{A289A923-C0A5-4C55-B710-6BE4AAE9E7C0}.Release|Any CPU.ActiveCfg = Release|Any CPU
		{A289A923-C0A5-4C55-B710-6BE4AAE9E7C0}.Release|Any CPU.Build.0 = Release|Any CPU
		{CDB7B50A-6805-49E9-ABB8-D343884869E0}.Debug|Any CPU.ActiveCfg = Debug|Any CPU
		{CDB7B50A-6805-49E9-ABB8-D343884869E0}.Debug|Any CPU.Build.0 = Debug|Any CPU
		{CDB7B50A-6805-49E9-ABB8-D343884869E0}.Release|Any CPU.ActiveCfg = Release|Any CPU
		{CDB7B50A-6805-49E9-ABB8-D343884869E0}.Release|Any CPU.Build.0 = Release|Any CPU
		{75AC610A-3935-4D62-810C-768F464A950D}.Debug|Any CPU.ActiveCfg = Debug|Any CPU
		{75AC610A-3935-4D62-810C-768F464A950D}.Debug|Any CPU.Build.0 = Debug|Any CPU
		{75AC610A-3935-4D62-810C-768F464A950D}.Release|Any CPU.ActiveCfg = Release|Any CPU
		{75AC610A-3935-4D62-810C-768F464A950D}.Release|Any CPU.Build.0 = Release|Any CPU
	EndGlobalSection
EndGlobal
